// !$*UTF8*$!
{
	archiveVersion = 1;
	classes = {
	};
	objectVersion = 55;
	objects = {

/* Begin PBXBuildFile section */
		895C446A273B5A1800E5D67F /* DetailedView.swift in Sources */ = {isa = PBXBuildFile; fileRef = 895C4469273B5A1800E5D67F /* DetailedView.swift */; };
		897EEE812734C3B9006FC658 /* SimpleListApp.swift in Sources */ = {isa = PBXBuildFile; fileRef = 897EEE802734C3B9006FC658 /* SimpleListApp.swift */; };
		897EEE832734C3B9006FC658 /* ContentView.swift in Sources */ = {isa = PBXBuildFile; fileRef = 897EEE822734C3B9006FC658 /* ContentView.swift */; };
		897EEE852734C3BA006FC658 /* Assets.xcassets in Resources */ = {isa = PBXBuildFile; fileRef = 897EEE842734C3BA006FC658 /* Assets.xcassets */; };
		897EEE882734C3BA006FC658 /* Preview Assets.xcassets in Resources */ = {isa = PBXBuildFile; fileRef = 897EEE872734C3BA006FC658 /* Preview Assets.xcassets */; };
		89FCEE47273DF97B00FD3D29 /* CityModel.swift in Sources */ = {isa = PBXBuildFile; fileRef = 89FCEE46273DF97B00FD3D29 /* CityModel.swift */; };
		89FCEE49273DF9B300FD3D29 /* CityController.swift in Sources */ = {isa = PBXBuildFile; fileRef = 89FCEE48273DF9B300FD3D29 /* CityController.swift */; };
		89FCEE4B273E019800FD3D29 /* AddCityView.swift in Sources */ = {isa = PBXBuildFile; fileRef = 89FCEE4A273E019800FD3D29 /* AddCityView.swift */; };
/* End PBXBuildFile section */

/* Begin PBXFileReference section */
		895C4469273B5A1800E5D67F /* DetailedView.swift */ = {isa = PBXFileReference; lastKnownFileType = sourcecode.swift; path = DetailedView.swift; sourceTree = "<group>"; };
		897EEE7D2734C3B9006FC658 /* SimpleList.app */ = {isa = PBXFileReference; explicitFileType = wrapper.application; includeInIndex = 0; path = SimpleList.app; sourceTree = BUILT_PRODUCTS_DIR; };
		897EEE802734C3B9006FC658 /* SimpleListApp.swift */ = {isa = PBXFileReference; lastKnownFileType = sourcecode.swift; path = SimpleListApp.swift; sourceTree = "<group>"; };
		897EEE822734C3B9006FC658 /* ContentView.swift */ = {isa = PBXFileReference; lastKnownFileType = sourcecode.swift; path = ContentView.swift; sourceTree = "<group>"; };
		897EEE842734C3BA006FC658 /* Assets.xcassets */ = {isa = PBXFileReference; lastKnownFileType = folder.assetcatalog; path = Assets.xcassets; sourceTree = "<group>"; };
		897EEE872734C3BA006FC658 /* Preview Assets.xcassets */ = {isa = PBXFileReference; lastKnownFileType = folder.assetcatalog; path = "Preview Assets.xcassets"; sourceTree = "<group>"; };
		89FCEE46273DF97B00FD3D29 /* CityModel.swift */ = {isa = PBXFileReference; lastKnownFileType = sourcecode.swift; path = CityModel.swift; sourceTree = "<group>"; };
		89FCEE48273DF9B300FD3D29 /* CityController.swift */ = {isa = PBXFileReference; lastKnownFileType = sourcecode.swift; path = CityController.swift; sourceTree = "<group>"; };
		89FCEE4A273E019800FD3D29 /* AddCityView.swift */ = {isa = PBXFileReference; lastKnownFileType = sourcecode.swift; path = AddCityView.swift; sourceTree = "<group>"; };
/* End PBXFileReference section */

/* Begin PBXFrameworksBuildPhase section */
		897EEE7A2734C3B9006FC658 /* Frameworks */ = {
			isa = PBXFrameworksBuildPhase;
			buildActionMask = 2147483647;
			files = (
			);
			runOnlyForDeploymentPostprocessing = 0;
		};
/* End PBXFrameworksBuildPhase section */

/* Begin PBXGroup section */
		897EEE742734C3B9006FC658 = {
			isa = PBXGroup;
			children = (
				897EEE7F2734C3B9006FC658 /* SimpleList */,
				897EEE7E2734C3B9006FC658 /* Products */,
			);
			sourceTree = "<group>";
		};
		897EEE7E2734C3B9006FC658 /* Products */ = {
			isa = PBXGroup;
			children = (
				897EEE7D2734C3B9006FC658 /* SimpleList.app */,
			);
			name = Products;
			sourceTree = "<group>";
		};
		897EEE7F2734C3B9006FC658 /* SimpleList */ = {
			isa = PBXGroup;
			children = (
				897EEE802734C3B9006FC658 /* SimpleListApp.swift */,
				897EEE822734C3B9006FC658 /* ContentView.swift */,
				897EEE842734C3BA006FC658 /* Assets.xcassets */,
				897EEE862734C3BA006FC658 /* Preview Content */,
				895C4469273B5A1800E5D67F /* DetailedView.swift */,
				89FCEE46273DF97B00FD3D29 /* CityModel.swift */,
				89FCEE48273DF9B300FD3D29 /* CityController.swift */,
				89FCEE4A273E019800FD3D29 /* AddCityView.swift */,
			);
			path = SimpleList;
			sourceTree = "<group>";
		};
		897EEE862734C3BA006FC658 /* Preview Content */ = {
			isa = PBXGroup;
			children = (
				897EEE872734C3BA006FC658 /* Preview Assets.xcassets */,
			);
			path = "Preview Content";
			sourceTree = "<group>";
		};
/* End PBXGroup section */

/* Begin PBXNativeTarget section */
		897EEE7C2734C3B9006FC658 /* SimpleList */ = {
			isa = PBXNativeTarget;
			buildConfigurationList = 897EEE8B2734C3BA006FC658 /* Build configuration list for PBXNativeTarget "SimpleList" */;
			buildPhases = (
				897EEE792734C3B9006FC658 /* Sources */,
				897EEE7A2734C3B9006FC658 /* Frameworks */,
				897EEE7B2734C3B9006FC658 /* Resources */,
			);
			buildRules = (
			);
			dependencies = (
			);
			name = SimpleList;
			productName = SimpleList;
			productReference = 897EEE7D2734C3B9006FC658 /* SimpleList.app */;
			productType = "com.apple.product-type.application";
		};
/* End PBXNativeTarget section */

/* Begin PBXProject section */
		897EEE752734C3B9006FC658 /* Project object */ = {
			isa = PBXProject;
			attributes = {
				BuildIndependentTargetsInParallel = 1;
				LastSwiftUpdateCheck = 1310;
				LastUpgradeCheck = 1310;
				TargetAttributes = {
					897EEE7C2734C3B9006FC658 = {
						CreatedOnToolsVersion = 13.1;
					};
				};
			};
			buildConfigurationList = 897EEE782734C3B9006FC658 /* Build configuration list for PBXProject "SimpleList" */;
			compatibilityVersion = "Xcode 13.0";
			developmentRegion = en;
			hasScannedForEncodings = 0;
			knownRegions = (
				en,
				Base,
			);
			mainGroup = 897EEE742734C3B9006FC658;
			productRefGroup = 897EEE7E2734C3B9006FC658 /* Products */;
			projectDirPath = "";
			projectRoot = "";
			targets = (
				897EEE7C2734C3B9006FC658 /* SimpleList */,
			);
		};
/* End PBXProject section */

/* Begin PBXResourcesBuildPhase section */
		897EEE7B2734C3B9006FC658 /* Resources */ = {
			isa = PBXResourcesBuildPhase;
			buildActionMask = 2147483647;
			files = (
				897EEE882734C3BA006FC658 /* Preview Assets.xcassets in Resources */,
				897EEE852734C3BA006FC658 /* Assets.xcassets in Resources */,
			);
			runOnlyForDeploymentPostprocessing = 0;
		};
/* End PBXResourcesBuildPhase section */

/* Begin PBXSourcesBuildPhase section */
		897EEE792734C3B9006FC658 /* Sources */ = {
			isa = PBXSourcesBuildPhase;
			buildActionMask = 2147483647;
			files = (
				89FCEE47273DF97B00FD3D29 /* CityModel.swift in Sources */,
				89FCEE4B273E019800FD3D29 /* AddCityView.swift in Sources */,
				897EEE832734C3B9006FC658 /* ContentView.swift in Sources */,
				895C446A273B5A1800E5D67F /* DetailedView.swift in Sources */,
				89FCEE49273DF9B300FD3D29 /* CityController.swift in Sources */,
				897EEE812734C3B9006FC658 /* SimpleListApp.swift in Sources */,
			);
			runOnlyForDeploymentPostprocessing = 0;
		};
/* End PBXSourcesBuildPhase section */

/* Begin XCBuildConfiguration section */
		897EEE892734C3BA006FC658 /* Debug */ = {
			isa = XCBuildConfiguration;
			buildSettings = {
				ALWAYS_SEARCH_USER_PATHS = NO;
				CLANG_ANALYZER_NONNULL = YES;
				CLANG_ANALYZER_NUMBER_OBJECT_CONVERSION = YES_AGGRESSIVE;
				CLANG_CXX_LANGUAGE_STANDARD = "gnu++17";
				CLANG_CXX_LIBRARY = "libc++";
				CLANG_ENABLE_MODULES = YES;
				CLANG_ENABLE_OBJC_ARC = YES;
				CLANG_ENABLE_OBJC_WEAK = YES;
				CLANG_WARN_BLOCK_CAPTURE_AUTORELEASING = YES;
				CLANG_WARN_BOOL_CONVERSION = YES;
				CLANG_WARN_COMMA = YES;
				CLANG_WARN_CONSTANT_CONVERSION = YES;
				CLANG_WARN_DEPRECATED_OBJC_IMPLEMENTATIONS = YES;
				CLANG_WARN_DIRECT_OBJC_ISA_USAGE = YES_ERROR;
				CLANG_WARN_DOCUMENTATION_COMMENTS = YES;
				CLANG_WARN_EMPTY_BODY = YES;
				CLANG_WARN_ENUM_CONVERSION = YES;
				CLANG_WARN_INFINITE_RECURSION = YES;
				CLANG_WARN_INT_CONVERSION = YES;
				CLANG_WARN_NON_LITERAL_NULL_CONVERSION = YES;
				CLANG_WARN_OBJC_IMPLICIT_RETAIN_SELF = YES;
				CLANG_WARN_OBJC_LITERAL_CONVERSION = YES;
				CLANG_WARN_OBJC_ROOT_CLASS = YES_ERROR;
				CLANG_WARN_QUOTED_INCLUDE_IN_FRAMEWORK_HEADER = YES;
				CLANG_WARN_RANGE_LOOP_ANALYSIS = YES;
				CLANG_WARN_STRICT_PROTOTYPES = YES;
				CLANG_WARN_SUSPICIOUS_MOVE = YES;
				CLANG_WARN_UNGUARDED_AVAILABILITY = YES_AGGRESSIVE;
				CLANG_WARN_UNREACHABLE_CODE = YES;
				CLANG_WARN__DUPLICATE_METHOD_MATCH = YES;
				COPY_PHASE_STRIP = NO;
				DEBUG_INFORMATION_FORMAT = dwarf;
				ENABLE_STRICT_OBJC_MSGSEND = YES;
				ENABLE_TESTABILITY = YES;
				GCC_C_LANGUAGE_STANDARD = gnu11;
				GCC_DYNAMIC_NO_PIC = NO;
				GCC_NO_COMMON_BLOCKS = YES;
				GCC_OPTIMIZATION_LEVEL = 0;
				GCC_PREPROCESSOR_DEFINITIONS = (
					"DEBUG=1",
					"$(inherited)",
				);
				GCC_WARN_64_TO_32_BIT_CONVERSION = YES;
				GCC_WARN_ABOUT_RETURN_TYPE = YES_ERROR;
				GCC_WARN_UNDECLARED_SELECTOR = YES;
				GCC_WARN_UNINITIALIZED_AUTOS = YES_AGGRESSIVE;
				GCC_WARN_UNUSED_FUNCTION = YES;
				GCC_WARN_UNUSED_VARIABLE = YES;
				IPHONEOS_DEPLOYMENT_TARGET = 15.0;
				MTL_ENABLE_DEBUG_INFO = INCLUDE_SOURCE;
				MTL_FAST_MATH = YES;
				ONLY_ACTIVE_ARCH = YES;
				SDKROOT = iphoneos;
				SWIFT_ACTIVE_COMPILATION_CONDITIONS = DEBUG;
				SWIFT_OPTIMIZATION_LEVEL = "-Onone";
			};
			name = Debug;
		};
		897EEE8A2734C3BA006FC658 /* Release */ = {
			isa = XCBuildConfiguration;
			buildSettings = {
				ALWAYS_SEARCH_USER_PATHS = NO;
				CLANG_ANALYZER_NONNULL = YES;
				CLANG_ANALYZER_NUMBER_OBJECT_CONVERSION = YES_AGGRESSIVE;
				CLANG_CXX_LANGUAGE_STANDARD = "gnu++17";
				CLANG_CXX_LIBRARY = "libc++";
				CLANG_ENABLE_MODULES = YES;
				CLANG_ENABLE_OBJC_ARC = YES;
				CLANG_ENABLE_OBJC_WEAK = YES;
				CLANG_WARN_BLOCK_CAPTURE_AUTORELEASING = YES;
				CLANG_WARN_BOOL_CONVERSION = YES;
				CLANG_WARN_COMMA = YES;
				CLANG_WARN_CONSTANT_CONVERSION = YES;
				CLANG_WARN_DEPRECATED_OBJC_IMPLEMENTATIONS = YES;
				CLANG_WARN_DIRECT_OBJC_ISA_USAGE = YES_ERROR;
				CLANG_WARN_DOCUMENTATION_COMMENTS = YES;
				CLANG_WARN_EMPTY_BODY = YES;
				CLANG_WARN_ENUM_CONVERSION = YES;
				CLANG_WARN_INFINITE_RECURSION = YES;
				CLANG_WARN_INT_CONVERSION = YES;
				CLANG_WARN_NON_LITERAL_NULL_CONVERSION = YES;
				CLANG_WARN_OBJC_IMPLICIT_RETAIN_SELF = YES;
				CLANG_WARN_OBJC_LITERAL_CONVERSION = YES;
				CLANG_WARN_OBJC_ROOT_CLASS = YES_ERROR;
				CLANG_WARN_QUOTED_INCLUDE_IN_FRAMEWORK_HEADER = YES;
				CLANG_WARN_RANGE_LOOP_ANALYSIS = YES;
				CLANG_WARN_STRICT_PROTOTYPES = YES;
				CLANG_WARN_SUSPICIOUS_MOVE = YES;
				CLANG_WARN_UNGUARDED_AVAILABILITY = YES_AGGRESSIVE;
				CLANG_WARN_UNREACHABLE_CODE = YES;
				CLANG_WARN__DUPLICATE_METHOD_MATCH = YES;
				COPY_PHASE_STRIP = NO;
				DEBUG_INFORMATION_FORMAT = "dwarf-with-dsym";
				ENABLE_NS_ASSERTIONS = NO;
				ENABLE_STRICT_OBJC_MSGSEND = YES;
				GCC_C_LANGUAGE_STANDARD = gnu11;
				GCC_NO_COMMON_BLOCKS = YES;
				GCC_WARN_64_TO_32_BIT_CONVERSION = YES;
				GCC_WARN_ABOUT_RETURN_TYPE = YES_ERROR;
				GCC_WARN_UNDECLARED_SELECTOR = YES;
				GCC_WARN_UNINITIALIZED_AUTOS = YES_AGGRESSIVE;
				GCC_WARN_UNUSED_FUNCTION = YES;
				GCC_WARN_UNUSED_VARIABLE = YES;
				IPHONEOS_DEPLOYMENT_TARGET = 15.0;
				MTL_ENABLE_DEBUG_INFO = NO;
				MTL_FAST_MATH = YES;
				SDKROOT = iphoneos;
				SWIFT_COMPILATION_MODE = wholemodule;
				SWIFT_OPTIMIZATION_LEVEL = "-O";
				VALIDATE_PRODUCT = YES;
			};
			name = Release;
		};
		897EEE8C2734C3BA006FC658 /* Debug */ = {
			isa = XCBuildConfiguration;
			buildSettings = {
				ASSETCATALOG_COMPILER_APPICON_NAME = AppIcon;
				ASSETCATALOG_COMPILER_GLOBAL_ACCENT_COLOR_NAME = AccentColor;
				CODE_SIGN_STYLE = Automatic;
				CURRENT_PROJECT_VERSION = 1;
				DEVELOPMENT_ASSET_PATHS = "\"SimpleList/Preview Content\"";
				DEVELOPMENT_TEAM = F47HFFQJCW;
				ENABLE_PREVIEWS = YES;
				GENERATE_INFOPLIST_FILE = YES;
				INFOPLIST_KEY_UIApplicationSceneManifest_Generation = YES;
				INFOPLIST_KEY_UIApplicationSupportsIndirectInputEvents = YES;
				INFOPLIST_KEY_UILaunchScreen_Generation = YES;
				INFOPLIST_KEY_UISupportedInterfaceOrientations = UIInterfaceOrientationPortrait;
				INFOPLIST_KEY_UISupportedInterfaceOrientations_iPad = "UIInterfaceOrientationPortrait UIInterfaceOrientationPortraitUpsideDown UIInterfaceOrientationLandscapeLeft UIInterfaceOrientationLandscapeRight";
				INFOPLIST_KEY_UISupportedInterfaceOrientations_iPhone = "UIInterfaceOrientationPortrait UIInterfaceOrientationLandscapeLeft UIInterfaceOrientationLandscapeRight";
				LD_RUNPATH_SEARCH_PATHS = (
					"$(inherited)",
					"@executable_path/Frameworks",
				);
				MARKETING_VERSION = 1.0;
				PRODUCT_BUNDLE_IDENTIFIER = mx.itesm.SimpleList;
				PRODUCT_NAME = "$(TARGET_NAME)";
				SWIFT_EMIT_LOC_STRINGS = YES;
				SWIFT_VERSION = 5.0;
				TARGETED_DEVICE_FAMILY = 1;
			};
			name = Debug;
		};
		897EEE8D2734C3BA006FC658 /* Release */ = {
			isa = XCBuildConfiguration;
			buildSettings = {
				ASSETCATALOG_COMPILER_APPICON_NAME = AppIcon;
				ASSETCATALOG_COMPILER_GLOBAL_ACCENT_COLOR_NAME = AccentColor;
				CODE_SIGN_STYLE = Automatic;
				CURRENT_PROJECT_VERSION = 1;
				DEVELOPMENT_ASSET_PATHS = "\"SimpleList/Preview Content\"";
				DEVELOPMENT_TEAM = F47HFFQJCW;
				ENABLE_PREVIEWS = YES;
				GENERATE_INFOPLIST_FILE = YES;
				INFOPLIST_KEY_UIApplicationSceneManifest_Generation = YES;
				INFOPLIST_KEY_UIApplicationSupportsIndirectInputEvents = YES;
				INFOPLIST_KEY_UILaunchScreen_Generation = YES;
				INFOPLIST_KEY_UISupportedInterfaceOrientations = UIInterfaceOrientationPortrait;
				INFOPLIST_KEY_UISupportedInterfaceOrientations_iPad = "UIInterfaceOrientationPortrait UIInterfaceOrientationPortraitUpsideDown UIInterfaceOrientationLandscapeLeft UIInterfaceOrientationLandscapeRight";
				INFOPLIST_KEY_UISupportedInterfaceOrientations_iPhone = "UIInterfaceOrientationPortrait UIInterfaceOrientationLandscapeLeft UIInterfaceOrientationLandscapeRight";
				LD_RUNPATH_SEARCH_PATHS = (
					"$(inherited)",
					"@executable_path/Frameworks",
				);
				MARKETING_VERSION = 1.0;
				PRODUCT_BUNDLE_IDENTIFIER = mx.itesm.SimpleList;
				PRODUCT_NAME = "$(TARGET_NAME)";
				SWIFT_EMIT_LOC_STRINGS = YES;
				SWIFT_VERSION = 5.0;
				TARGETED_DEVICE_FAMILY = 1;
			};
			name = Release;
		};
/* End XCBuildConfiguration section */

/* Begin XCConfigurationList section */
		897EEE782734C3B9006FC658 /* Build configuration list for PBXProject "SimpleList" */ = {
			isa = XCConfigurationList;
			buildConfigurations = (
				897EEE892734C3BA006FC658 /* Debug */,
				897EEE8A2734C3BA006FC658 /* Release */,
			);
			defaultConfigurationIsVisible = 0;
			defaultConfigurationName = Release;
		};
		897EEE8B2734C3BA006FC658 /* Build configuration list for PBXNativeTarget "SimpleList" */ = {
			isa = XCConfigurationList;
			buildConfigurations = (
				897EEE8C2734C3BA006FC658 /* Debug */,
				897EEE8D2734C3BA006FC658 /* Release */,
			);
			defaultConfigurationIsVisible = 0;
			defaultConfigurationName = Release;
		};
/* End XCConfigurationList section */
	};
	rootObject = 897EEE752734C3B9006FC658 /* Project object */;
}
